# This file is automatically @generated by Cargo.
# It is not intended for manual editing.
version = 3

[[package]]
name = "base64"
version = "0.22.0"
source = "registry+https://github.com/rust-lang/crates.io-index"
checksum = "9475866fec1451be56a3c2400fd081ff546538961565ccb5b7142cbd22bc7a51"

[[package]]
name = "pemfile"
version = "0.1.0"
dependencies = [
 "rustls-pemfile",
]

[[package]]
name = "rustls-pemfile"
version = "2.1.2"
source = "registry+https://github.com/rust-lang/crates.io-index"
checksum = "29993a25686778eb88d4189742cd713c9bce943bc54251a33509dc63cbacf73d"
dependencies = [
 "base64",
 "rustls-pki-types",
]

[[package]]
name = "rustls-pki-types"
version = "1.4.1"
source = "registry+https://github.com/rust-lang/crates.io-index"
checksum = "ecd36cc4259e3e4514335c4a138c6b43171a8d61d8f5c9348f9fc7529416f247"
