# This file is automatically @generated by Cargo.
# It is not intended for manual editing.
version = 3

[[package]]
name = "base64"
version = "0.21.5"
source = "registry+https://github.com/rust-lang/crates.io-index"
checksum = "35636a1494ede3b646cc98f74f8e62c773a38a659ebc777a2cf26b9b74171df9"

[[package]]
name = "pemfile"
version = "0.1.0"
dependencies = [
 "rustls-pemfile",
]

[[package]]
name = "rustls-pemfile"
version = "2.0.0"
source = "registry+https://github.com/rust-lang/crates.io-index"
checksum = "35e4980fa29e4c4b212ffb3db068a564cbf560e51d3944b7c88bd8bf5bec64f4"
dependencies = [
 "base64",
 "rustls-pki-types",
]

[[package]]
name = "rustls-pki-types"
version = "1.1.0"
source = "registry+https://github.com/rust-lang/crates.io-index"
checksum = "9e9d979b3ce68192e42760c7810125eb6cf2ea10efae545a156063e61f314e2a"
